
Microsoft Visual Studio Solution File, Format Version 12.00
# Visual Studio Version 17
VisualStudioVersion = 17.9.34723.18
MinimumVisualStudioVersion = 10.0.40219.1
Project("{FAE04EC0-301F-11D3-BF4B-00C04F79EFBC}") = "DAVDigital.Ausleihe", "DAVDigital.Ausleihe\DAVDigital.Ausleihe.csproj", "{FE96F923-046D-441E-840E-574C848768F4}"
EndProject
Global
	GlobalSection(SolutionConfigurationPlatforms) = preSolution
		Debug|Any CPU = Debug|Any CPU
		Release|Any CPU = Release|Any CPU
	EndGlobalSection
	GlobalSection(ProjectConfigurationPlatforms) = postSolution
		{FE96F923-046D-441E-840E-574C848768F4}.Debug|Any CPU.ActiveCfg = Debug|Any CPU
		{FE96F923-046D-441E-840E-574C848768F4}.Debug|Any CPU.Build.0 = Debug|Any CPU
		{FE96F923-046D-441E-840E-574C848768F4}.Debug|Any CPU.Deploy.0 = Debug|Any CPU
		{FE96F923-046D-441E-840E-574C848768F4}.Release|Any CPU.ActiveCfg = Release|Any CPU
		{FE96F923-046D-441E-840E-574C848768F4}.Release|Any CPU.Build.0 = Release|Any CPU
		{FE96F923-046D-441E-840E-574C848768F4}.Release|Any CPU.Deploy.0 = Release|Any CPU
	EndGlobalSection
	GlobalSection(SolutionProperties) = preSolution
		HideSolutionNode = FALSE
	EndGlobalSection
	GlobalSection(ExtensibilityGlobals) = postSolution
		SolutionGuid = {F2BAFCC0-C85F-4D92-9CC7-C93132EC5CE8}
	EndGlobalSection
EndGlobal
